
Microsoft Visual Studio Solution File, Format Version 12.00
# Visual Studio Version 16
VisualStudioVersion = 16.0.29920.165
MinimumVisualStudioVersion = 10.0.40219.1
Project("{9A19103F-16F7-4668-BE54-9A1E7A4F7556}") = "Taxa", "CalculadoraJuros\Taxa.csproj", "{BA0BE695-2D2A-4360-998F-5E037B2A98D5}"
EndProject
Project("{9A19103F-16F7-4668-BE54-9A1E7A4F7556}") = "ApiGateway", "ApiGateway\ApiGateway.csproj", "{331200D6-4572-42F2-B5B2-94B15A36584F}"
EndProject
Project("{2150E333-8FDC-42A3-9474-1A3956D46DE8}") = "Services", "Services", "{598872ED-EC8D-448E-B094-E5DF2DF02EF6}"
EndProject
Project("{2150E333-8FDC-42A3-9474-1A3956D46DE8}") = "Gateway", "Gateway", "{7772ECC2-C886-40B7-B06D-645E65F6D97E}"
EndProject
Project("{9A19103F-16F7-4668-BE54-9A1E7A4F7556}") = "Juros", "Juros\Juros.csproj", "{A6CA99EB-4A6F-4EBA-B907-95E525EE72E2}"
EndProject
Project("{9A19103F-16F7-4668-BE54-9A1E7A4F7556}") = "Juros.Tests", "Juros.Tests\Juros.Tests.csproj", "{C4DB9D9E-6F9C-4CA3-A0AF-FE9689AADC71}"
EndProject
Project("{2150E333-8FDC-42A3-9474-1A3956D46DE8}") = "Juros - Services", "Juros - Services", "{9A63E48D-B458-4A63-AFDC-5A673796778C}"
EndProject
Project("{2150E333-8FDC-42A3-9474-1A3956D46DE8}") = "Taxa - Services", "Taxa - Services", "{C60ECBB3-C062-406F-A0FD-B71B7395727A}"
EndProject
Project("{FAE04EC0-301F-11D3-BF4B-00C04F79EFBC}") = "Taxa.Tests", "Taxa.Tests\Taxa.Tests.csproj", "{738950F2-35DC-4BD5-B3A5-E6C9E7247F0D}"
EndProject
Global
	GlobalSection(SolutionConfigurationPlatforms) = preSolution
		Debug|Any CPU = Debug|Any CPU
		Release|Any CPU = Release|Any CPU
	EndGlobalSection
	GlobalSection(ProjectConfigurationPlatforms) = postSolution
		{BA0BE695-2D2A-4360-998F-5E037B2A98D5}.Debug|Any CPU.ActiveCfg = Debug|Any CPU
		{BA0BE695-2D2A-4360-998F-5E037B2A98D5}.Debug|Any CPU.Build.0 = Debug|Any CPU
		{BA0BE695-2D2A-4360-998F-5E037B2A98D5}.Release|Any CPU.ActiveCfg = Release|Any CPU
		{BA0BE695-2D2A-4360-998F-5E037B2A98D5}.Release|Any CPU.Build.0 = Release|Any CPU
		{331200D6-4572-42F2-B5B2-94B15A36584F}.Debug|Any CPU.ActiveCfg = Debug|Any CPU
		{331200D6-4572-42F2-B5B2-94B15A36584F}.Debug|Any CPU.Build.0 = Debug|Any CPU
		{331200D6-4572-42F2-B5B2-94B15A36584F}.Release|Any CPU.ActiveCfg = Release|Any CPU
		{331200D6-4572-42F2-B5B2-94B15A36584F}.Release|Any CPU.Build.0 = Release|Any CPU
		{A6CA99EB-4A6F-4EBA-B907-95E525EE72E2}.Debug|Any CPU.ActiveCfg = Debug|Any CPU
		{A6CA99EB-4A6F-4EBA-B907-95E525EE72E2}.Debug|Any CPU.Build.0 = Debug|Any CPU
		{A6CA99EB-4A6F-4EBA-B907-95E525EE72E2}.Release|Any CPU.ActiveCfg = Release|Any CPU
		{A6CA99EB-4A6F-4EBA-B907-95E525EE72E2}.Release|Any CPU.Build.0 = Release|Any CPU
		{C4DB9D9E-6F9C-4CA3-A0AF-FE9689AADC71}.Debug|Any CPU.ActiveCfg = Debug|Any CPU
		{C4DB9D9E-6F9C-4CA3-A0AF-FE9689AADC71}.Debug|Any CPU.Build.0 = Debug|Any CPU
		{C4DB9D9E-6F9C-4CA3-A0AF-FE9689AADC71}.Release|Any CPU.ActiveCfg = Release|Any CPU
		{C4DB9D9E-6F9C-4CA3-A0AF-FE9689AADC71}.Release|Any CPU.Build.0 = Release|Any CPU
		{738950F2-35DC-4BD5-B3A5-E6C9E7247F0D}.Debug|Any CPU.ActiveCfg = Debug|Any CPU
		{738950F2-35DC-4BD5-B3A5-E6C9E7247F0D}.Debug|Any CPU.Build.0 = Debug|Any CPU
		{738950F2-35DC-4BD5-B3A5-E6C9E7247F0D}.Release|Any CPU.ActiveCfg = Release|Any CPU
		{738950F2-35DC-4BD5-B3A5-E6C9E7247F0D}.Release|Any CPU.Build.0 = Release|Any CPU
	EndGlobalSection
	GlobalSection(SolutionProperties) = preSolution
		HideSolutionNode = FALSE
	EndGlobalSection
	GlobalSection(NestedProjects) = preSolution
		{BA0BE695-2D2A-4360-998F-5E037B2A98D5} = {C60ECBB3-C062-406F-A0FD-B71B7395727A}
		{331200D6-4572-42F2-B5B2-94B15A36584F} = {7772ECC2-C886-40B7-B06D-645E65F6D97E}
		{A6CA99EB-4A6F-4EBA-B907-95E525EE72E2} = {9A63E48D-B458-4A63-AFDC-5A673796778C}
		{C4DB9D9E-6F9C-4CA3-A0AF-FE9689AADC71} = {9A63E48D-B458-4A63-AFDC-5A673796778C}
		{9A63E48D-B458-4A63-AFDC-5A673796778C} = {598872ED-EC8D-448E-B094-E5DF2DF02EF6}
		{C60ECBB3-C062-406F-A0FD-B71B7395727A} = {598872ED-EC8D-448E-B094-E5DF2DF02EF6}
		{738950F2-35DC-4BD5-B3A5-E6C9E7247F0D} = {C60ECBB3-C062-406F-A0FD-B71B7395727A}
	EndGlobalSection
	GlobalSection(ExtensibilityGlobals) = postSolution
		SolutionGuid = {D0618FE2-3C86-4878-8D8F-F37D3E222B95}
	EndGlobalSection
EndGlobal
